{
  "name": "completeness-track",
  "version": "1.0.0",
  "lockfileVersion": 1,
  "requires": true,
  "dependencies": {
    "@angular/common": {
      "version": "4.3.5",
      "resolved": "https://registry.npmjs.org/@angular/common/-/common-4.3.5.tgz",
      "integrity": "sha1-X2sRNH6uHfw0YjzP1MBsj0xIji0=",
      "requires": {
        "tslib": "1.7.1"
      }
    },
    "@angular/core": {
      "version": "4.3.5",
      "resolved": "https://registry.npmjs.org/@angular/core/-/core-4.3.5.tgz",
      "integrity": "sha1-vR79vx68+5wnojjiqkxIFZsIlbs=",
      "requires": {
        "tslib": "1.7.1"
      }
    },
    "tslib": {
      "version": "1.7.1",
      "resolved": "https://registry.npmjs.org/tslib/-/tslib-1.7.1.tgz",
      "integrity": "sha1-vIAEFkaRkjp5/oN4u+s9ogF1OOw="
    },
    "typescript": {
      "version": "2.3.4",
      "resolved": "https://registry.npmjs.org/typescript/-/typescript-2.3.4.tgz",
      "integrity": "sha1-PTgyGCgjHkNPKHUUlZw3qCtin0I=",
      "dev": true
    }
  }
}
